lockfileVersion: '9.0'

settings:
  autoInstallPeers: true
  excludeLinksFromLockfile: false

importers:

  .:
    dependencies:
      csv-parse:
        specifier: ^6.0.0
        version: 6.0.0

packages:

  csv-parse@6.0.0:
    resolution: {integrity: sha512-6aB9WrymEruVDwQOwa5AuYk4/Gb+HaJgLHGKOA9BXTqgsIFvbdHzQzZOuqNCOooTGciPDaHzTlGkU5P6kYVUYw==}

snapshots:

  csv-parse@6.0.0: {}
